
Microsoft Visual Studio Solution File, Format Version 12.00
# Visual Studio Version 16
VisualStudioVersion = 16.0.29230.47
MinimumVisualStudioVersion = 10.0.40219.1
Project("{8BC9CEB8-8B4A-11D0-8D11-00A0C91BC942}") = "Data_Strurcture", "Data_Strurcture\Data_Strurcture.vcxproj", "{B3F07125-11B1-484A-BB3B-68F57B34291D}"
EndProject
Project("{8BC9CEB8-8B4A-11D0-8D11-00A0C91BC942}") = "Sequence List", "Sequence List\Sequence List.vcxproj", "{567A0F01-9D36-457B-AB12-462E45F3575E}"
EndProject
Project("{8BC9CEB8-8B4A-11D0-8D11-00A0C91BC942}") = "Linear List", "Linear List\Linear List.vcxproj", "{CC82D4BD-0248-4B53-A6E0-8FE03EDE30B5}"
EndProject
Project("{8BC9CEB8-8B4A-11D0-8D11-00A0C91BC942}") = "Polynomial", "Polynomial\Polynomial.vcxproj", "{B4CA79E7-92ED-4095-A1FF-8C6F47C19C22}"
EndProject
Project("{8BC9CEB8-8B4A-11D0-8D11-00A0C91BC942}") = "Stack", "Stack\Stack.vcxproj", "{45C226D1-4BC2-4624-B139-06ABE831D7C1}"
EndProject
Project("{8BC9CEB8-8B4A-11D0-8D11-00A0C91BC942}") = "Vector", "Vector\Vector.vcxproj", "{073FA165-EA32-4ABF-854D-0D42311B30A4}"
EndProject
Project("{8BC9CEB8-8B4A-11D0-8D11-00A0C91BC942}") = "Queue", "Queue\Queue.vcxproj", "{7F8E18BA-6CA6-4CEA-8EF8-D6CAD543D5F8}"
EndProject
Project("{8BC9CEB8-8B4A-11D0-8D11-00A0C91BC942}") = "List", "List\List.vcxproj", "{56431557-0C52-4BB3-8C56-FCFA1726E517}"
EndProject
Project("{8BC9CEB8-8B4A-11D0-8D11-00A0C91BC942}") = "Binary Tree", "Binary Tree\Binary Tree.vcxproj", "{17591663-1B0C-4362-9D7C-CE02E3EC8217}"
EndProject
Project("{8BC9CEB8-8B4A-11D0-8D11-00A0C91BC942}") = "Thread Binary Tree", "Thread Binary Tree\Thread Binary Tree.vcxproj", "{29375856-9C6A-484C-94B3-3B4D40D0F75C}"
EndProject
Project("{8BC9CEB8-8B4A-11D0-8D11-00A0C91BC942}") = "Graph", "Graph\Graph.vcxproj", "{A4CAF8EE-9C83-4AD2-AB7A-552ABBA84266}"
EndProject
Project("{8BC9CEB8-8B4A-11D0-8D11-00A0C91BC942}") = "Binary_Search", "Binary_Search\Binary_Search.vcxproj", "{F31AA90B-DAAB-406A-8505-D4F963796C5D}"
EndProject
Project("{8BC9CEB8-8B4A-11D0-8D11-00A0C91BC942}") = "Binary Sort Tree", "Binary Sort Tree\Binary Sort Tree.vcxproj", "{0A1B8C4D-6CCD-4DCB-A7F8-6EF60BCA2F14}"
EndProject
Project("{8BC9CEB8-8B4A-11D0-8D11-00A0C91BC942}") = "Hash Table", "Hash Table\Hash Table.vcxproj", "{81DD0C5A-B40B-4080-BA2B-40A4E826B8AC}"
EndProject
Global
	GlobalSection(SolutionConfigurationPlatforms) = preSolution
		Debug|x64 = Debug|x64
		Debug|x86 = Debug|x86
		Release|x64 = Release|x64
		Release|x86 = Release|x86
	EndGlobalSection
	GlobalSection(ProjectConfigurationPlatforms) = postSolution
		{B3F07125-11B1-484A-BB3B-68F57B34291D}.Debug|x64.ActiveCfg = Debug|x64
		{B3F07125-11B1-484A-BB3B-68F57B34291D}.Debug|x64.Build.0 = Debug|x64
		{B3F07125-11B1-484A-BB3B-68F57B34291D}.Debug|x86.ActiveCfg = Debug|Win32
		{B3F07125-11B1-484A-BB3B-68F57B34291D}.Debug|x86.Build.0 = Debug|Win32
		{B3F07125-11B1-484A-BB3B-68F57B34291D}.Release|x64.ActiveCfg = Release|x64
		{B3F07125-11B1-484A-BB3B-68F57B34291D}.Release|x64.Build.0 = Release|x64
		{B3F07125-11B1-484A-BB3B-68F57B34291D}.Release|x86.ActiveCfg = Release|Win32
		{B3F07125-11B1-484A-BB3B-68F57B34291D}.Release|x86.Build.0 = Release|Win32
		{567A0F01-9D36-457B-AB12-462E45F3575E}.Debug|x64.ActiveCfg = Debug|x64
		{567A0F01-9D36-457B-AB12-462E45F3575E}.Debug|x64.Build.0 = Debug|x64
		{567A0F01-9D36-457B-AB12-462E45F3575E}.Debug|x86.ActiveCfg = Debug|Win32
		{567A0F01-9D36-457B-AB12-462E45F3575E}.Debug|x86.Build.0 = Debug|Win32
		{567A0F01-9D36-457B-AB12-462E45F3575E}.Release|x64.ActiveCfg = Release|x64
		{567A0F01-9D36-457B-AB12-462E45F3575E}.Release|x64.Build.0 = Release|x64
		{567A0F01-9D36-457B-AB12-462E45F3575E}.Release|x86.ActiveCfg = Release|Win32
		{567A0F01-9D36-457B-AB12-462E45F3575E}.Release|x86.Build.0 = Release|Win32
		{CC82D4BD-0248-4B53-A6E0-8FE03EDE30B5}.Debug|x64.ActiveCfg = Debug|x64
		{CC82D4BD-0248-4B53-A6E0-8FE03EDE30B5}.Debug|x64.Build.0 = Debug|x64
		{CC82D4BD-0248-4B53-A6E0-8FE03EDE30B5}.Debug|x86.ActiveCfg = Debug|Win32
		{CC82D4BD-0248-4B53-A6E0-8FE03EDE30B5}.Debug|x86.Build.0 = Debug|Win32
		{CC82D4BD-0248-4B53-A6E0-8FE03EDE30B5}.Release|x64.ActiveCfg = Release|x64
		{CC82D4BD-0248-4B53-A6E0-8FE03EDE30B5}.Release|x64.Build.0 = Release|x64
		{CC82D4BD-0248-4B53-A6E0-8FE03EDE30B5}.Release|x86.ActiveCfg = Release|Win32
		{CC82D4BD-0248-4B53-A6E0-8FE03EDE30B5}.Release|x86.Build.0 = Release|Win32
		{B4CA79E7-92ED-4095-A1FF-8C6F47C19C22}.Debug|x64.ActiveCfg = Debug|x64
		{B4CA79E7-92ED-4095-A1FF-8C6F47C19C22}.Debug|x64.Build.0 = Debug|x64
		{B4CA79E7-92ED-4095-A1FF-8C6F47C19C22}.Debug|x86.ActiveCfg = Debug|Win32
		{B4CA79E7-92ED-4095-A1FF-8C6F47C19C22}.Debug|x86.Build.0 = Debug|Win32
		{B4CA79E7-92ED-4095-A1FF-8C6F47C19C22}.Release|x64.ActiveCfg = Release|x64
		{B4CA79E7-92ED-4095-A1FF-8C6F47C19C22}.Release|x64.Build.0 = Release|x64
		{B4CA79E7-92ED-4095-A1FF-8C6F47C19C22}.Release|x86.ActiveCfg = Release|Win32
		{B4CA79E7-92ED-4095-A1FF-8C6F47C19C22}.Release|x86.Build.0 = Release|Win32
		{45C226D1-4BC2-4624-B139-06ABE831D7C1}.Debug|x64.ActiveCfg = Debug|x64
		{45C226D1-4BC2-4624-B139-06ABE831D7C1}.Debug|x64.Build.0 = Debug|x64
		{45C226D1-4BC2-4624-B139-06ABE831D7C1}.Debug|x86.ActiveCfg = Debug|Win32
		{45C226D1-4BC2-4624-B139-06ABE831D7C1}.Debug|x86.Build.0 = Debug|Win32
		{45C226D1-4BC2-4624-B139-06ABE831D7C1}.Release|x64.ActiveCfg = Release|x64
		{45C226D1-4BC2-4624-B139-06ABE831D7C1}.Release|x64.Build.0 = Release|x64
		{45C226D1-4BC2-4624-B139-06ABE831D7C1}.Release|x86.ActiveCfg = Release|Win32
		{45C226D1-4BC2-4624-B139-06ABE831D7C1}.Release|x86.Build.0 = Release|Win32
		{073FA165-EA32-4ABF-854D-0D42311B30A4}.Debug|x64.ActiveCfg = Debug|x64
		{073FA165-EA32-4ABF-854D-0D42311B30A4}.Debug|x64.Build.0 = Debug|x64
		{073FA165-EA32-4ABF-854D-0D42311B30A4}.Debug|x86.ActiveCfg = Debug|Win32
		{073FA165-EA32-4ABF-854D-0D42311B30A4}.Debug|x86.Build.0 = Debug|Win32
		{073FA165-EA32-4ABF-854D-0D42311B30A4}.Release|x64.ActiveCfg = Release|x64
		{073FA165-EA32-4ABF-854D-0D42311B30A4}.Release|x64.Build.0 = Release|x64
		{073FA165-EA32-4ABF-854D-0D42311B30A4}.Release|x86.ActiveCfg = Release|Win32
		{073FA165-EA32-4ABF-854D-0D42311B30A4}.Release|x86.Build.0 = Release|Win32
		{7F8E18BA-6CA6-4CEA-8EF8-D6CAD543D5F8}.Debug|x64.ActiveCfg = Debug|x64
		{7F8E18BA-6CA6-4CEA-8EF8-D6CAD543D5F8}.Debug|x64.Build.0 = Debug|x64
		{7F8E18BA-6CA6-4CEA-8EF8-D6CAD543D5F8}.Debug|x86.ActiveCfg = Debug|Win32
		{7F8E18BA-6CA6-4CEA-8EF8-D6CAD543D5F8}.Debug|x86.Build.0 = Debug|Win32
		{7F8E18BA-6CA6-4CEA-8EF8-D6CAD543D5F8}.Release|x64.ActiveCfg = Release|x64
		{7F8E18BA-6CA6-4CEA-8EF8-D6CAD543D5F8}.Release|x64.Build.0 = Release|x64
		{7F8E18BA-6CA6-4CEA-8EF8-D6CAD543D5F8}.Release|x86.ActiveCfg = Release|Win32
		{7F8E18BA-6CA6-4CEA-8EF8-D6CAD543D5F8}.Release|x86.Build.0 = Release|Win32
		{56431557-0C52-4BB3-8C56-FCFA1726E517}.Debug|x64.ActiveCfg = Debug|x64
		{56431557-0C52-4BB3-8C56-FCFA1726E517}.Debug|x64.Build.0 = Debug|x64
		{56431557-0C52-4BB3-8C56-FCFA1726E517}.Debug|x86.ActiveCfg = Debug|Win32
		{56431557-0C52-4BB3-8C56-FCFA1726E517}.Debug|x86.Build.0 = Debug|Win32
		{56431557-0C52-4BB3-8C56-FCFA1726E517}.Release|x64.ActiveCfg = Release|x64
		{56431557-0C52-4BB3-8C56-FCFA1726E517}.Release|x64.Build.0 = Release|x64
		{56431557-0C52-4BB3-8C56-FCFA1726E517}.Release|x86.ActiveCfg = Release|Win32
		{56431557-0C52-4BB3-8C56-FCFA1726E517}.Release|x86.Build.0 = Release|Win32
		{17591663-1B0C-4362-9D7C-CE02E3EC8217}.Debug|x64.ActiveCfg = Debug|x64
		{17591663-1B0C-4362-9D7C-CE02E3EC8217}.Debug|x64.Build.0 = Debug|x64
		{17591663-1B0C-4362-9D7C-CE02E3EC8217}.Debug|x86.ActiveCfg = Debug|Win32
		{17591663-1B0C-4362-9D7C-CE02E3EC8217}.Debug|x86.Build.0 = Debug|Win32
		{17591663-1B0C-4362-9D7C-CE02E3EC8217}.Release|x64.ActiveCfg = Release|x64
		{17591663-1B0C-4362-9D7C-CE02E3EC8217}.Release|x64.Build.0 = Release|x64
		{17591663-1B0C-4362-9D7C-CE02E3EC8217}.Release|x86.ActiveCfg = Release|Win32
		{17591663-1B0C-4362-9D7C-CE02E3EC8217}.Release|x86.Build.0 = Release|Win32
		{29375856-9C6A-484C-94B3-3B4D40D0F75C}.Debug|x64.ActiveCfg = Debug|x64
		{29375856-9C6A-484C-94B3-3B4D40D0F75C}.Debug|x64.Build.0 = Debug|x64
		{29375856-9C6A-484C-94B3-3B4D40D0F75C}.Debug|x86.ActiveCfg = Debug|Win32
		{29375856-9C6A-484C-94B3-3B4D40D0F75C}.Debug|x86.Build.0 = Debug|Win32
		{29375856-9C6A-484C-94B3-3B4D40D0F75C}.Release|x64.ActiveCfg = Release|x64
		{29375856-9C6A-484C-94B3-3B4D40D0F75C}.Release|x64.Build.0 = Release|x64
		{29375856-9C6A-484C-94B3-3B4D40D0F75C}.Release|x86.ActiveCfg = Release|Win32
		{29375856-9C6A-484C-94B3-3B4D40D0F75C}.Release|x86.Build.0 = Release|Win32
		{A4CAF8EE-9C83-4AD2-AB7A-552ABBA84266}.Debug|x64.ActiveCfg = Debug|x64
		{A4CAF8EE-9C83-4AD2-AB7A-552ABBA84266}.Debug|x64.Build.0 = Debug|x64
		{A4CAF8EE-9C83-4AD2-AB7A-552ABBA84266}.Debug|x86.ActiveCfg = Debug|Win32
		{A4CAF8EE-9C83-4AD2-AB7A-552ABBA84266}.Debug|x86.Build.0 = Debug|Win32
		{A4CAF8EE-9C83-4AD2-AB7A-552ABBA84266}.Release|x64.ActiveCfg = Release|x64
		{A4CAF8EE-9C83-4AD2-AB7A-552ABBA84266}.Release|x64.Build.0 = Release|x64
		{A4CAF8EE-9C83-4AD2-AB7A-552ABBA84266}.Release|x86.ActiveCfg = Release|Win32
		{A4CAF8EE-9C83-4AD2-AB7A-552ABBA84266}.Release|x86.Build.0 = Release|Win32
		{F31AA90B-DAAB-406A-8505-D4F963796C5D}.Debug|x64.ActiveCfg = Debug|x64
		{F31AA90B-DAAB-406A-8505-D4F963796C5D}.Debug|x64.Build.0 = Debug|x64
		{F31AA90B-DAAB-406A-8505-D4F963796C5D}.Debug|x86.ActiveCfg = Debug|Win32
		{F31AA90B-DAAB-406A-8505-D4F963796C5D}.Debug|x86.Build.0 = Debug|Win32
		{F31AA90B-DAAB-406A-8505-D4F963796C5D}.Release|x64.ActiveCfg = Release|x64
		{F31AA90B-DAAB-406A-8505-D4F963796C5D}.Release|x64.Build.0 = Release|x64
		{F31AA90B-DAAB-406A-8505-D4F963796C5D}.Release|x86.ActiveCfg = Release|Win32
		{F31AA90B-DAAB-406A-8505-D4F963796C5D}.Release|x86.Build.0 = Release|Win32
		{0A1B8C4D-6CCD-4DCB-A7F8-6EF60BCA2F14}.Debug|x64.ActiveCfg = Debug|x64
		{0A1B8C4D-6CCD-4DCB-A7F8-6EF60BCA2F14}.Debug|x64.Build.0 = Debug|x64
		{0A1B8C4D-6CCD-4DCB-A7F8-6EF60BCA2F14}.Debug|x86.ActiveCfg = Debug|Win32
		{0A1B8C4D-6CCD-4DCB-A7F8-6EF60BCA2F14}.Debug|x86.Build.0 = Debug|Win32
		{0A1B8C4D-6CCD-4DCB-A7F8-6EF60BCA2F14}.Release|x64.ActiveCfg = Release|x64
		{0A1B8C4D-6CCD-4DCB-A7F8-6EF60BCA2F14}.Release|x64.Build.0 = Release|x64
		{0A1B8C4D-6CCD-4DCB-A7F8-6EF60BCA2F14}.Release|x86.ActiveCfg = Release|Win32
		{0A1B8C4D-6CCD-4DCB-A7F8-6EF60BCA2F14}.Release|x86.Build.0 = Release|Win32
		{81DD0C5A-B40B-4080-BA2B-40A4E826B8AC}.Debug|x64.ActiveCfg = Debug|x64
		{81DD0C5A-B40B-4080-BA2B-40A4E826B8AC}.Debug|x64.Build.0 = Debug|x64
		{81DD0C5A-B40B-4080-BA2B-40A4E826B8AC}.Debug|x86.ActiveCfg = Debug|Win32
		{81DD0C5A-B40B-4080-BA2B-40A4E826B8AC}.Debug|x86.Build.0 = Debug|Win32
		{81DD0C5A-B40B-4080-BA2B-40A4E826B8AC}.Release|x64.ActiveCfg = Release|x64
		{81DD0C5A-B40B-4080-BA2B-40A4E826B8AC}.Release|x64.Build.0 = Release|x64
		{81DD0C5A-B40B-4080-BA2B-40A4E826B8AC}.Release|x86.ActiveCfg = Release|Win32
		{81DD0C5A-B40B-4080-BA2B-40A4E826B8AC}.Release|x86.Build.0 = Release|Win32
	EndGlobalSection
	GlobalSection(SolutionProperties) = preSolution
		HideSolutionNode = FALSE
	EndGlobalSection
	GlobalSection(ExtensibilityGlobals) = postSolution
		SolutionGuid = {32AA931E-55E4-414D-BCFB-21CB3118F87B}
	EndGlobalSection
EndGlobal
